# THIS IS AN AUTOGENERATED FILE. DO NOT EDIT THIS FILE DIRECTLY.
# yarn lockfile v1


redux-observable@^0.14.1:
  version "0.14.1"
  resolved "https://registry.yarnpkg.com/redux-observable/-/redux-observable-0.14.1.tgz#9f3d870c69388fdc427ded6770a3e326f3b69693"

rxjs@^5.4.1:
  version "5.4.1"
  resolved "https://registry.yarnpkg.com/rxjs/-/rxjs-5.4.1.tgz#b62f757f279445d265a18a58fb0a70dc90e91626"
  dependencies:
    symbol-observable "^1.0.1"

symbol-observable@^1.0.1:
  version "1.0.4"
  resolved "https://registry.yarnpkg.com/symbol-observable/-/symbol-observable-1.0.4.tgz#29bf615d4aa7121bdd898b22d4b3f9bc4e2aa03d"
